// !$*UTF8*$!
{
	archiveVersion = 1;
	classes = {
	};
	objectVersion = 50;
	objects = {

/* Begin PBXBuildFile section */
		83E690E72551338200C79CEA /* AppDelegate.swift in Sources */ = {isa = PBXBuildFile; fileRef = 83E690E62551338200C79CEA /* AppDelegate.swift */; };
		83E690E92551338200C79CEA /* SceneDelegate.swift in Sources */ = {isa = PBXBuildFile; fileRef = 83E690E82551338200C79CEA /* SceneDelegate.swift */; };
		83E690EB2551338200C79CEA /* ViewController.swift in Sources */ = {isa = PBXBuildFile; fileRef = 83E690EA2551338200C79CEA /* ViewController.swift */; };
		83E690EE2551338200C79CEA /* Main.storyboard in Resources */ = {isa = PBXBuildFile; fileRef = 83E690EC2551338200C79CEA /* Main.storyboard */; };
		83E690F02551338300C79CEA /* Assets.xcassets in Resources */ = {isa = PBXBuildFile; fileRef = 83E690EF2551338300C79CEA /* Assets.xcassets */; };
		83E690F32551338300C79CEA /* LaunchScreen.storyboard in Resources */ = {isa = PBXBuildFile; fileRef = 83E690F12551338300C79CEA /* LaunchScreen.storyboard */; };
		83E690FE2551338400C79CEA /* LandmarkBookTests.swift in Sources */ = {isa = PBXBuildFile; fileRef = 83E690FD2551338400C79CEA /* LandmarkBookTests.swift */; };
		83E691092551338400C79CEA /* LandmarkBookUITests.swift in Sources */ = {isa = PBXBuildFile; fileRef = 83E691082551338400C79CEA /* LandmarkBookUITests.swift */; };
/* End PBXBuildFile section */

/* Begin PBXContainerItemProxy section */
		83E690FA2551338400C79CEA /* PBXContainerItemProxy */ = {
			isa = PBXContainerItemProxy;
			containerPortal = 83E690DB2551338200C79CEA /* Project object */;
			proxyType = 1;
			remoteGlobalIDString = 83E690E22551338200C79CEA;
			remoteInfo = LandmarkBook;
		};
		83E691052551338400C79CEA /* PBXContainerItemProxy */ = {
			isa = PBXContainerItemProxy;
			containerPortal = 83E690DB2551338200C79CEA /* Project object */;
			proxyType = 1;
			remoteGlobalIDString = 83E690E22551338200C79CEA;
			remoteInfo = LandmarkBook;
		};
/* End PBXContainerItemProxy section */

/* Begin PBXFileReference section */
		83E690E32551338200C79CEA /* LandmarkBook.app */ = {isa = PBXFileReference; explicitFileType = wrapper.application; includeInIndex = 0; path = LandmarkBook.app; sourceTree = BUILT_PRODUCTS_DIR; };
		83E690E62551338200C79CEA /* AppDelegate.swift */ = {isa = PBXFileReference; lastKnownFileType = sourcecode.swift; path = AppDelegate.swift; sourceTree = "<group>"; };
		83E690E82551338200C79CEA /* SceneDelegate.swift */ = {isa = PBXFileReference; lastKnownFileType = sourcecode.swift; path = SceneDelegate.swift; sourceTree = "<group>"; };
		83E690EA2551338200C79CEA /* ViewController.swift */ = {isa = PBXFileReference; lastKnownFileType = sourcecode.swift; path = ViewController.swift; sourceTree = "<group>"; };
		83E690ED2551338200C79CEA /* Base */ = {isa = PBXFileReference; lastKnownFileType = file.storyboard; name = Base; path = Base.lproj/Main.storyboard; sourceTree = "<group>"; };
		83E690EF2551338300C79CEA /* Assets.xcassets */ = {isa = PBXFileReference; lastKnownFileType = folder.assetcatalog; path = Assets.xcassets; sourceTree = "<group>"; };
		83E690F22551338300C79CEA /* Base */ = {isa = PBXFileReference; lastKnownFileType = file.storyboard; name = Base; path = Base.lproj/LaunchScreen.storyboard; sourceTree = "<group>"; };
		83E690F42551338300C79CEA /* Info.plist */ = {isa = PBXFileReference; lastKnownFileType = text.plist.xml; path = Info.plist; sourceTree = "<group>"; };
		83E690F92551338400C79CEA /* LandmarkBookTests.xctest */ = {isa = PBXFileReference; explicitFileType = wrapper.cfbundle; includeInIndex = 0; path = LandmarkBookTests.xctest; sourceTree = BUILT_PRODUCTS_DIR; };
		83E690FD2551338400C79CEA /* LandmarkBookTests.swift */ = {isa = PBXFileReference; lastKnownFileType = sourcecode.swift; path = LandmarkBookTests.swift; sourceTree = "<group>"; };
		83E690FF2551338400C79CEA /* Info.plist */ = {isa = PBXFileReference; lastKnownFileType = text.plist.xml; path = Info.plist; sourceTree = "<group>"; };
		83E691042551338400C79CEA /* LandmarkBookUITests.xctest */ = {isa = PBXFileReference; explicitFileType = wrapper.cfbundle; includeInIndex = 0; path = LandmarkBookUITests.xctest; sourceTree = BUILT_PRODUCTS_DIR; };
		83E691082551338400C79CEA /* LandmarkBookUITests.swift */ = {isa = PBXFileReference; lastKnownFileType = sourcecode.swift; path = LandmarkBookUITests.swift; sourceTree = "<group>"; };
		83E6910A2551338400C79CEA /* Info.plist */ = {isa = PBXFileReference; lastKnownFileType = text.plist.xml; path = Info.plist; sourceTree = "<group>"; };
/* End PBXFileReference section */

/* Begin PBXFrameworksBuildPhase section */
		83E690E02551338200C79CEA /* Frameworks */ = {
			isa = PBXFrameworksBuildPhase;
			buildActionMask = 2147483647;
			files = (
			);
			runOnlyForDeploymentPostprocessing = 0;
		};
		83E690F62551338400C79CEA /* Frameworks */ = {
			isa = PBXFrameworksBuildPhase;
			buildActionMask = 2147483647;
			files = (
			);
			runOnlyForDeploymentPostprocessing = 0;
		};
		83E691012551338400C79CEA /* Frameworks */ = {
			isa = PBXFrameworksBuildPhase;
			buildActionMask = 2147483647;
			files = (
			);
			runOnlyForDeploymentPostprocessing = 0;
		};
/* End PBXFrameworksBuildPhase section */

/* Begin PBXGroup section */
		83E690DA2551338200C79CEA = {
			isa = PBXGroup;
			children = (
				83E690E52551338200C79CEA /* LandmarkBook */,
				83E690FC2551338400C79CEA /* LandmarkBookTests */,
				83E691072551338400C79CEA /* LandmarkBookUITests */,
				83E690E42551338200C79CEA /* Products */,
			);
			sourceTree = "<group>";
		};
		83E690E42551338200C79CEA /* Products */ = {
			isa = PBXGroup;
			children = (
				83E690E32551338200C79CEA /* LandmarkBook.app */,
				83E690F92551338400C79CEA /* LandmarkBookTests.xctest */,
				83E691042551338400C79CEA /* LandmarkBookUITests.xctest */,
			);
			name = Products;
			sourceTree = "<group>";
		};
		83E690E52551338200C79CEA /* LandmarkBook */ = {
			isa = PBXGroup;
			children = (
				83E690E62551338200C79CEA /* AppDelegate.swift */,
				83E690E82551338200C79CEA /* SceneDelegate.swift */,
				83E690EA2551338200C79CEA /* ViewController.swift */,
				83E690EC2551338200C79CEA /* Main.storyboard */,
				83E690EF2551338300C79CEA /* Assets.xcassets */,
				83E690F12551338300C79CEA /* LaunchScreen.storyboard */,
				83E690F42551338300C79CEA /* Info.plist */,
			);
			path = LandmarkBook;
			sourceTree = "<group>";
		};
		83E690FC2551338400C79CEA /* LandmarkBookTests */ = {
			isa = PBXGroup;
			children = (
				83E690FD2551338400C79CEA /* LandmarkBookTests.swift */,
				83E690FF2551338400C79CEA /* Info.plist */,
			);
			path = LandmarkBookTests;
			sourceTree = "<group>";
		};
		83E691072551338400C79CEA /* LandmarkBookUITests */ = {
			isa = PBXGroup;
			children = (
				83E691082551338400C79CEA /* LandmarkBookUITests.swift */,
				83E6910A2551338400C79CEA /* Info.plist */,
			);
			path = LandmarkBookUITests;
			sourceTree = "<group>";
		};
/* End PBXGroup section */

/* Begin PBXNativeTarget section */
		83E690E22551338200C79CEA /* LandmarkBook */ = {
			isa = PBXNativeTarget;
			buildConfigurationList = 83E6910D2551338400C79CEA /* Build configuration list for PBXNativeTarget "LandmarkBook" */;
			buildPhases = (
				83E690DF2551338200C79CEA /* Sources */,
				83E690E02551338200C79CEA /* Frameworks */,
				83E690E12551338200C79CEA /* Resources */,
			);
			buildRules = (
			);
			dependencies = (
			);
			name = LandmarkBook;
			productName = LandmarkBook;
			productReference = 83E690E32551338200C79CEA /* LandmarkBook.app */;
			productType = "com.apple.product-type.application";
		};
		83E690F82551338400C79CEA /* LandmarkBookTests */ = {
			isa = PBXNativeTarget;
			buildConfigurationList = 83E691102551338400C79CEA /* Build configuration list for PBXNativeTarget "LandmarkBookTests" */;
			buildPhases = (
				83E690F52551338400C79CEA /* Sources */,
				83E690F62551338400C79CEA /* Frameworks */,
				83E690F72551338400C79CEA /* Resources */,
			);
			buildRules = (
			);
			dependencies = (
				83E690FB2551338400C79CEA /* PBXTargetDependency */,
			);
			name = LandmarkBookTests;
			productName = LandmarkBookTests;
			productReference = 83E690F92551338400C79CEA /* LandmarkBookTests.xctest */;
			productType = "com.apple.product-type.bundle.unit-test";
		};
		83E691032551338400C79CEA /* LandmarkBookUITests */ = {
			isa = PBXNativeTarget;
			buildConfigurationList = 83E691132551338400C79CEA /* Build configuration list for PBXNativeTarget "LandmarkBookUITests" */;
			buildPhases = (
				83E691002551338400C79CEA /* Sources */,
				83E691012551338400C79CEA /* Frameworks */,
				83E691022551338400C79CEA /* Resources */,
			);
			buildRules = (
			);
			dependencies = (
				83E691062551338400C79CEA /* PBXTargetDependency */,
			);
			name = LandmarkBookUITests;
			productName = LandmarkBookUITests;
			productReference = 83E691042551338400C79CEA /* LandmarkBookUITests.xctest */;
			productType = "com.apple.product-type.bundle.ui-testing";
		};
/* End PBXNativeTarget section */

/* Begin PBXProject section */
		83E690DB2551338200C79CEA /* Project object */ = {
			isa = PBXProject;
			attributes = {
				LastSwiftUpdateCheck = 1210;
				LastUpgradeCheck = 1210;
				TargetAttributes = {
					83E690E22551338200C79CEA = {
						CreatedOnToolsVersion = 12.1;
					};
					83E690F82551338400C79CEA = {
						CreatedOnToolsVersion = 12.1;
						TestTargetID = 83E690E22551338200C79CEA;
					};
					83E691032551338400C79CEA = {
						CreatedOnToolsVersion = 12.1;
						TestTargetID = 83E690E22551338200C79CEA;
					};
				};
			};
			buildConfigurationList = 83E690DE2551338200C79CEA /* Build configuration list for PBXProject "LandmarkBook" */;
			compatibilityVersion = "Xcode 9.3";
			developmentRegion = en;
			hasScannedForEncodings = 0;
			knownRegions = (
				en,
				Base,
			);
			mainGroup = 83E690DA2551338200C79CEA;
			productRefGroup = 83E690E42551338200C79CEA /* Products */;
			projectDirPath = "";
			projectRoot = "";
			targets = (
				83E690E22551338200C79CEA /* LandmarkBook */,
				83E690F82551338400C79CEA /* LandmarkBookTests */,
				83E691032551338400C79CEA /* LandmarkBookUITests */,
			);
		};
/* End PBXProject section */

/* Begin PBXResourcesBuildPhase section */
		83E690E12551338200C79CEA /* Resources */ = {
			isa = PBXResourcesBuildPhase;
			buildActionMask = 2147483647;
			files = (
				83E690F32551338300C79CEA /* LaunchScreen.storyboard in Resources */,
				83E690F02551338300C79CEA /* Assets.xcassets in Resources */,
				83E690EE2551338200C79CEA /* Main.storyboard in Resources */,
			);
			runOnlyForDeploymentPostprocessing = 0;
		};
		83E690F72551338400C79CEA /* Resources */ = {
			isa = PBXResourcesBuildPhase;
			buildActionMask = 2147483647;
			files = (
			);
			runOnlyForDeploymentPostprocessing = 0;
		};
		83E691022551338400C79CEA /* Resources */ = {
			isa = PBXResourcesBuildPhase;
			buildActionMask = 2147483647;
			files = (
			);
			runOnlyForDeploymentPostprocessing = 0;
		};
/* End PBXResourcesBuildPhase section */

/* Begin PBXSourcesBuildPhase section */
		83E690DF2551338200C79CEA /* Sources */ = {
			isa = PBXSourcesBuildPhase;
			buildActionMask = 2147483647;
			files = (
				83E690EB2551338200C79CEA /* ViewController.swift in Sources */,
				83E690E72551338200C79CEA /* AppDelegate.swift in Sources */,
				83E690E92551338200C79CEA /* SceneDelegate.swift in Sources */,
			);
			runOnlyForDeploymentPostprocessing = 0;
		};
		83E690F52551338400C79CEA /* Sources */ = {
			isa = PBXSourcesBuildPhase;
			buildActionMask = 2147483647;
			files = (
				83E690FE2551338400C79CEA /* LandmarkBookTests.swift in Sources */,
			);
			runOnlyForDeploymentPostprocessing = 0;
		};
		83E691002551338400C79CEA /* Sources */ = {
			isa = PBXSourcesBuildPhase;
			buildActionMask = 2147483647;
			files = (
				83E691092551338400C79CEA /* LandmarkBookUITests.swift in Sources */,
			);
			runOnlyForDeploymentPostprocessing = 0;
		};
/* End PBXSourcesBuildPhase section */

/* Begin PBXTargetDependency section */
		83E690FB2551338400C79CEA /* PBXTargetDependency */ = {
			isa = PBXTargetDependency;
			target = 83E690E22551338200C79CEA /* LandmarkBook */;
			targetProxy = 83E690FA2551338400C79CEA /* PBXContainerItemProxy */;
		};
		83E691062551338400C79CEA /* PBXTargetDependency */ = {
			isa = PBXTargetDependency;
			target = 83E690E22551338200C79CEA /* LandmarkBook */;
			targetProxy = 83E691052551338400C79CEA /* PBXContainerItemProxy */;
		};
/* End PBXTargetDependency section */

/* Begin PBXVariantGroup section */
		83E690EC2551338200C79CEA /* Main.storyboard */ = {
			isa = PBXVariantGroup;
			children = (
				83E690ED2551338200C79CEA /* Base */,
			);
			name = Main.storyboard;
			sourceTree = "<group>";
		};
		83E690F12551338300C79CEA /* LaunchScreen.storyboard */ = {
			isa = PBXVariantGroup;
			children = (
				83E690F22551338300C79CEA /* Base */,
			);
			name = LaunchScreen.storyboard;
			sourceTree = "<group>";
		};
/* End PBXVariantGroup section */

/* Begin XCBuildConfiguration section */
		83E6910B2551338400C79CEA /* Debug */ = {
			isa = XCBuildConfiguration;
			buildSettings = {
				ALWAYS_SEARCH_USER_PATHS = NO;
				CLANG_ANALYZER_NONNULL = YES;
				CLANG_ANALYZER_NUMBER_OBJECT_CONVERSION = YES_AGGRESSIVE;
				CLANG_CXX_LANGUAGE_STANDARD = "gnu++14";
				CLANG_CXX_LIBRARY = "libc++";
				CLANG_ENABLE_MODULES = YES;
				CLANG_ENABLE_OBJC_ARC = YES;
				CLANG_ENABLE_OBJC_WEAK = YES;
				CLANG_WARN_BLOCK_CAPTURE_AUTORELEASING = YES;
				CLANG_WARN_BOOL_CONVERSION = YES;
				CLANG_WARN_COMMA = YES;
				CLANG_WARN_CONSTANT_CONVERSION = YES;
				CLANG_WARN_DEPRECATED_OBJC_IMPLEMENTATIONS = YES;
				CLANG_WARN_DIRECT_OBJC_ISA_USAGE = YES_ERROR;
				CLANG_WARN_DOCUMENTATION_COMMENTS = YES;
				CLANG_WARN_EMPTY_BODY = YES;
				CLANG_WARN_ENUM_CONVERSION = YES;
				CLANG_WARN_INFINITE_RECURSION = YES;
				CLANG_WARN_INT_CONVERSION = YES;
				CLANG_WARN_NON_LITERAL_NULL_CONVERSION = YES;
				CLANG_WARN_OBJC_IMPLICIT_RETAIN_SELF = YES;
				CLANG_WARN_OBJC_LITERAL_CONVERSION = YES;
				CLANG_WARN_OBJC_ROOT_CLASS = YES_ERROR;
				CLANG_WARN_QUOTED_INCLUDE_IN_FRAMEWORK_HEADER = YES;
				CLANG_WARN_RANGE_LOOP_ANALYSIS = YES;
				CLANG_WARN_STRICT_PROTOTYPES = YES;
				CLANG_WARN_SUSPICIOUS_MOVE = YES;
				CLANG_WARN_UNGUARDED_AVAILABILITY = YES_AGGRESSIVE;
				CLANG_WARN_UNREACHABLE_CODE = YES;
				CLANG_WARN__DUPLICATE_METHOD_MATCH = YES;
				COPY_PHASE_STRIP = NO;
				DEBUG_INFORMATION_FORMAT = dwarf;
				ENABLE_STRICT_OBJC_MSGSEND = YES;
				ENABLE_TESTABILITY = YES;
				GCC_C_LANGUAGE_STANDARD = gnu11;
				GCC_DYNAMIC_NO_PIC = NO;
				GCC_NO_COMMON_BLOCKS = YES;
				GCC_OPTIMIZATION_LEVEL = 0;
				GCC_PREPROCESSOR_DEFINITIONS = (
					"DEBUG=1",
					"$(inherited)",
				);
				GCC_WARN_64_TO_32_BIT_CONVERSION = YES;
				GCC_WARN_ABOUT_RETURN_TYPE = YES_ERROR;
				GCC_WARN_UNDECLARED_SELECTOR = YES;
				GCC_WARN_UNINITIALIZED_AUTOS = YES_AGGRESSIVE;
				GCC_WARN_UNUSED_FUNCTION = YES;
				GCC_WARN_UNUSED_VARIABLE = YES;
				IPHONEOS_DEPLOYMENT_TARGET = 14.1;
				MTL_ENABLE_DEBUG_INFO = INCLUDE_SOURCE;
				MTL_FAST_MATH = YES;
				ONLY_ACTIVE_ARCH = YES;
				SDKROOT = iphoneos;
				SWIFT_ACTIVE_COMPILATION_CONDITIONS = DEBUG;
				SWIFT_OPTIMIZATION_LEVEL = "-Onone";
			};
			name = Debug;
		};
		83E6910C2551338400C79CEA /* Release */ = {
			isa = XCBuildConfiguration;
			buildSettings = {
				ALWAYS_SEARCH_USER_PATHS = NO;
				CLANG_ANALYZER_NONNULL = YES;
				CLANG_ANALYZER_NUMBER_OBJECT_CONVERSION = YES_AGGRESSIVE;
				CLANG_CXX_LANGUAGE_STANDARD = "gnu++14";
				CLANG_CXX_LIBRARY = "libc++";
				CLANG_ENABLE_MODULES = YES;
				CLANG_ENABLE_OBJC_ARC = YES;
				CLANG_ENABLE_OBJC_WEAK = YES;
				CLANG_WARN_BLOCK_CAPTURE_AUTORELEASING = YES;
				CLANG_WARN_BOOL_CONVERSION = YES;
				CLANG_WARN_COMMA = YES;
				CLANG_WARN_CONSTANT_CONVERSION = YES;
				CLANG_WARN_DEPRECATED_OBJC_IMPLEMENTATIONS = YES;
				CLANG_WARN_DIRECT_OBJC_ISA_USAGE = YES_ERROR;
				CLANG_WARN_DOCUMENTATION_COMMENTS = YES;
				CLANG_WARN_EMPTY_BODY = YES;
				CLANG_WARN_ENUM_CONVERSION = YES;
				CLANG_WARN_INFINITE_RECURSION = YES;
				CLANG_WARN_INT_CONVERSION = YES;
				CLANG_WARN_NON_LITERAL_NULL_CONVERSION = YES;
				CLANG_WARN_OBJC_IMPLICIT_RETAIN_SELF = YES;
				CLANG_WARN_OBJC_LITERAL_CONVERSION = YES;
				CLANG_WARN_OBJC_ROOT_CLASS = YES_ERROR;
				CLANG_WARN_QUOTED_INCLUDE_IN_FRAMEWORK_HEADER = YES;
				CLANG_WARN_RANGE_LOOP_ANALYSIS = YES;
				CLANG_WARN_STRICT_PROTOTYPES = YES;
				CLANG_WARN_SUSPICIOUS_MOVE = YES;
				CLANG_WARN_UNGUARDED_AVAILABILITY = YES_AGGRESSIVE;
				CLANG_WARN_UNREACHABLE_CODE = YES;
				CLANG_WARN__DUPLICATE_METHOD_MATCH = YES;
				COPY_PHASE_STRIP = NO;
				DEBUG_INFORMATION_FORMAT = "dwarf-with-dsym";
				ENABLE_NS_ASSERTIONS = NO;
				ENABLE_STRICT_OBJC_MSGSEND = YES;
				GCC_C_LANGUAGE_STANDARD = gnu11;
				GCC_NO_COMMON_BLOCKS = YES;
				GCC_WARN_64_TO_32_BIT_CONVERSION = YES;
				GCC_WARN_ABOUT_RETURN_TYPE = YES_ERROR;
				GCC_WARN_UNDECLARED_SELECTOR = YES;
				GCC_WARN_UNINITIALIZED_AUTOS = YES_AGGRESSIVE;
				GCC_WARN_UNUSED_FUNCTION = YES;
				GCC_WARN_UNUSED_VARIABLE = YES;
				IPHONEOS_DEPLOYMENT_TARGET = 14.1;
				MTL_ENABLE_DEBUG_INFO = NO;
				MTL_FAST_MATH = YES;
				SDKROOT = iphoneos;
				SWIFT_COMPILATION_MODE = wholemodule;
				SWIFT_OPTIMIZATION_LEVEL = "-O";
				VALIDATE_PRODUCT = YES;
			};
			name = Release;
		};
		83E6910E2551338400C79CEA /* Debug */ = {
			isa = XCBuildConfiguration;
			buildSettings = {
				ASSETCATALOG_COMPILER_APPICON_NAME = AppIcon;
				ASSETCATALOG_COMPILER_GLOBAL_ACCENT_COLOR_NAME = AccentColor;
				CODE_SIGN_STYLE = Automatic;
				INFOPLIST_FILE = LandmarkBook/Info.plist;
				LD_RUNPATH_SEARCH_PATHS = (
					"$(inherited)",
					"@executable_path/Frameworks",
				);
				PRODUCT_BUNDLE_IDENTIFIER = com.canseyhan.LandmarkBook;
				PRODUCT_NAME = "$(TARGET_NAME)";
				SWIFT_VERSION = 5.0;
				TARGETED_DEVICE_FAMILY = "1,2";
			};
			name = Debug;
		};
		83E6910F2551338400C79CEA /* Release */ = {
			isa = XCBuildConfiguration;
			buildSettings = {
				ASSETCATALOG_COMPILER_APPICON_NAME = AppIcon;
				ASSETCATALOG_COMPILER_GLOBAL_ACCENT_COLOR_NAME = AccentColor;
				CODE_SIGN_STYLE = Automatic;
				INFOPLIST_FILE = LandmarkBook/Info.plist;
				LD_RUNPATH_SEARCH_PATHS = (
					"$(inherited)",
					"@executable_path/Frameworks",
				);
				PRODUCT_BUNDLE_IDENTIFIER = com.canseyhan.LandmarkBook;
				PRODUCT_NAME = "$(TARGET_NAME)";
				SWIFT_VERSION = 5.0;
				TARGETED_DEVICE_FAMILY = "1,2";
			};
			name = Release;
		};
		83E691112551338400C79CEA /* Debug */ = {
			isa = XCBuildConfiguration;
			buildSettings = {
				ALWAYS_EMBED_SWIFT_STANDARD_LIBRARIES = YES;
				BUNDLE_LOADER = "$(TEST_HOST)";
				CODE_SIGN_STYLE = Automatic;
				INFOPLIST_FILE = LandmarkBookTests/Info.plist;
				IPHONEOS_DEPLOYMENT_TARGET = 14.1;
				LD_RUNPATH_SEARCH_PATHS = (
					"$(inherited)",
					"@executable_path/Frameworks",
					"@loader_path/Frameworks",
				);
				PRODUCT_BUNDLE_IDENTIFIER = com.canseyhan.LandmarkBookTests;
				PRODUCT_NAME = "$(TARGET_NAME)";
				SWIFT_VERSION = 5.0;
				TARGETED_DEVICE_FAMILY = "1,2";
				TEST_HOST = "$(BUILT_PRODUCTS_DIR)/LandmarkBook.app/LandmarkBook";
			};
			name = Debug;
		};
		83E691122551338400C79CEA /* Release */ = {
			isa = XCBuildConfiguration;
			buildSettings = {
				ALWAYS_EMBED_SWIFT_STANDARD_LIBRARIES = YES;
				BUNDLE_LOADER = "$(TEST_HOST)";
				CODE_SIGN_STYLE = Automatic;
				INFOPLIST_FILE = LandmarkBookTests/Info.plist;
				IPHONEOS_DEPLOYMENT_TARGET = 14.1;
				LD_RUNPATH_SEARCH_PATHS = (
					"$(inherited)",
					"@executable_path/Frameworks",
					"@loader_path/Frameworks",
				);
				PRODUCT_BUNDLE_IDENTIFIER = com.canseyhan.LandmarkBookTests;
				PRODUCT_NAME = "$(TARGET_NAME)";
				SWIFT_VERSION = 5.0;
				TARGETED_DEVICE_FAMILY = "1,2";
				TEST_HOST = "$(BUILT_PRODUCTS_DIR)/LandmarkBook.app/LandmarkBook";
			};
			name = Release;
		};
		83E691142551338400C79CEA /* Debug */ = {
			isa = XCBuildConfiguration;
			buildSettings = {
				ALWAYS_EMBED_SWIFT_STANDARD_LIBRARIES = YES;
				CODE_SIGN_STYLE = Automatic;
				INFOPLIST_FILE = LandmarkBookUITests/Info.plist;
				LD_RUNPATH_SEARCH_PATHS = (
					"$(inherited)",
					"@executable_path/Frameworks",
					"@loader_path/Frameworks",
				);
				PRODUCT_BUNDLE_IDENTIFIER = com.canseyhan.LandmarkBookUITests;
				PRODUCT_NAME = "$(TARGET_NAME)";
				SWIFT_VERSION = 5.0;
				TARGETED_DEVICE_FAMILY = "1,2";
				TEST_TARGET_NAME = LandmarkBook;
			};
			name = Debug;
		};
		83E691152551338400C79CEA /* Release */ = {
			isa = XCBuildConfiguration;
			buildSettings = {
				ALWAYS_EMBED_SWIFT_STANDARD_LIBRARIES = YES;
				CODE_SIGN_STYLE = Automatic;
				INFOPLIST_FILE = LandmarkBookUITests/Info.plist;
				LD_RUNPATH_SEARCH_PATHS = (
					"$(inherited)",
					"@executable_path/Frameworks",
					"@loader_path/Frameworks",
				);
				PRODUCT_BUNDLE_IDENTIFIER = com.canseyhan.LandmarkBookUITests;
				PRODUCT_NAME = "$(TARGET_NAME)";
				SWIFT_VERSION = 5.0;
				TARGETED_DEVICE_FAMILY = "1,2";
				TEST_TARGET_NAME = LandmarkBook;
			};
			name = Release;
		};
/* End XCBuildConfiguration section */

/* Begin XCConfigurationList section */
		83E690DE2551338200C79CEA /* Build configuration list for PBXProject "LandmarkBook" */ = {
			isa = XCConfigurationList;
			buildConfigurations = (
				83E6910B2551338400C79CEA /* Debug */,
				83E6910C2551338400C79CEA /* Release */,
			);
			defaultConfigurationIsVisible = 0;
			defaultConfigurationName = Release;
		};
		83E6910D2551338400C79CEA /* Build configuration list for PBXNativeTarget "LandmarkBook" */ = {
			isa = XCConfigurationList;
			buildConfigurations = (
				83E6910E2551338400C79CEA /* Debug */,
				83E6910F2551338400C79CEA /* Release */,
			);
			defaultConfigurationIsVisible = 0;
			defaultConfigurationName = Release;
		};
		83E691102551338400C79CEA /* Build configuration list for PBXNativeTarget "LandmarkBookTests" */ = {
			isa = XCConfigurationList;
			buildConfigurations = (
				83E691112551338400C79CEA /* Debug */,
				83E691122551338400C79CEA /* Release */,
			);
			defaultConfigurationIsVisible = 0;
			defaultConfigurationName = Release;
		};
		83E691132551338400C79CEA /* Build configuration list for PBXNativeTarget "LandmarkBookUITests" */ = {
			isa = XCConfigurationList;
			buildConfigurations = (
				83E691142551338400C79CEA /* Debug */,
				83E691152551338400C79CEA /* Release */,
			);
			defaultConfigurationIsVisible = 0;
			defaultConfigurationName = Release;
		};
/* End XCConfigurationList section */
	};
	rootObject = 83E690DB2551338200C79CEA /* Project object */;
}
